<?xml version="1.0" encoding="utf-8"?>
<Project ToolsVersion="4.0" xmlns="http://schemas.microsoft.com/developer/msbuild/2003">
  <ItemGroup>
    <Filter Include="Source Files">
      <UniqueIdentifier>{4FC737F1-C7A5-4376-A066-2A32D752A2FF}</UniqueIdentifier>
      <Extensions>cpp;c;cc;cxx;c++;cppm;ixx;def;odl;idl;hpj;bat;asm;asmx</Extensions>
    </Filter>
    <Filter Include="Header Files">
      <UniqueIdentifier>{93995380-89BD-4b04-88EB-625FBE52EBFB}</UniqueIdentifier>
      <Extensions>h;hh;hpp;hxx;h++;hm;inl;inc;ipp;xsd</Extensions>
    </Filter>
    <Filter Include="Resource Files">
      <UniqueIdentifier>{67DA6AB6-F800-4c08-8B7A-83BB121AAD01}</UniqueIdentifier>
      <Extensions>rc;ico;cur;bmp;dlg;rc2;rct;bin;rgs;gif;jpg;jpeg;jpe;resx;tiff;tif;png;wav;mfcribbon-ms</Extensions>
    </Filter>
  </ItemGroup>
  <ItemGroup>
    <ClCompile Include="Src\Main.cpp">
      <Filter>Source Files</Filter>
    </ClCompile>
  </ItemGroup>
  <ItemGroup>
    <ClInclude Include="Src\Core\Core.h">
      <Filter>Header Files</Filter>
    </ClInclude>
  </ItemGroup>
  <ItemGroup>
    <None Include="Vendor\DLLs\archive.dll" />
    <None Include="Vendor\DLLs\bz2.dll" />
    <None Include="Vendor\DLLs\charset-1.dll" />
    <None Include="Vendor\DLLs\gif.dll" />
    <None Include="Vendor\DLLs\iconv-2.dll" />
    <None Include="Vendor\DLLs\jpeg62.dll" />
    <None Include="Vendor\DLLs\legacy.dll" />
    <None Include="Vendor\DLLs\leptonica-1.85.0.dll" />
    <None Include="Vendor\DLLs\libcrypto-3-x64.dll" />
    <None Include="Vendor\DLLs\libcurl.dll" />
    <None Include="Vendor\DLLs\liblzma.dll" />
    <None Include="Vendor\DLLs\libpng16.dll" />
    <None Include="Vendor\DLLs\libsharpyuv.dll" />
    <None Include="Vendor\DLLs\libssl-3-x64.dll" />
    <None Include="Vendor\DLLs\libwebp.dll" />
    <None Include="Vendor\DLLs\libwebpdecoder.dll" />
    <None Include="Vendor\DLLs\libwebpdemux.dll" />
    <None Include="Vendor\DLLs\libwebpmux.dll" />
    <None Include="Vendor\DLLs\libxml2.dll" />
    <None Include="Vendor\DLLs\lz4.dll" />
    <None Include="Vendor\DLLs\openjp2.dll" />
    <None Include="Vendor\DLLs\tesseract55.dll" />
    <None Include="Vendor\DLLs\tiff.dll" />
    <None Include="Vendor\DLLs\turbojpeg.dll" />
    <None Include="Vendor\DLLs\zlib1.dll" />
    <None Include="Vendor\DLLs\zstd.dll" />
  </ItemGroup>
</Project>